
Microsoft Visual Studio Solution File, Format Version 12.00
# Visual Studio Version 17
VisualStudioVersion = 17.5.002.0
MinimumVisualStudioVersion = 10.0.40219.1
Project("{9A19103F-16F7-4668-BE54-9A1E7A4F7556}") = "ECC_HotFix", "ECC_HotFix.csproj", "{1530608B-82E8-414D-9B5C-AC46A7C9D380}"
EndProject
Global
	GlobalSection(SolutionConfigurationPlatforms) = preSolution
		Debug|Any CPU = Debug|Any CPU
		Release|Any CPU = Release|Any CPU
	EndGlobalSection
	GlobalSection(ProjectConfigurationPlatforms) = postSolution
		{1530608B-82E8-414D-9B5C-AC46A7C9D380}.Debug|Any CPU.ActiveCfg = Debug|Any CPU
		{1530608B-82E8-414D-9B5C-AC46A7C9D380}.Debug|Any CPU.Build.0 = Debug|Any CPU
		{1530608B-82E8-414D-9B5C-AC46A7C9D380}.Release|Any CPU.ActiveCfg = Release|Any CPU
		{1530608B-82E8-414D-9B5C-AC46A7C9D380}.Release|Any CPU.Build.0 = Release|Any CPU
	EndGlobalSection
	GlobalSection(SolutionProperties) = preSolution
		HideSolutionNode = FALSE
	EndGlobalSection
	GlobalSection(ExtensibilityGlobals) = postSolution
		SolutionGuid = {7FD86056-ADA0-471B-9CB5-CC76F73D35D1}
	EndGlobalSection
EndGlobal
